
Microsoft Visual Studio Solution File, Format Version 12.00
Project("{FAE04EC0-301F-11D3-BF4B-00C04F79EFBC}") = "AppointmentDomain", "AppointmentDomain\AppointmentDomain.csproj", "{10B43076-68AE-412B-8F65-B6DB2D0166FE}"
EndProject
Project("{FAE04EC0-301F-11D3-BF4B-00C04F79EFBC}") = "AppointmentTest", "AppointmentTest\AppointmentTest.csproj", "{A3FE054A-4B11-4978-9F0B-D143908056DF}"
EndProject
Global
	GlobalSection(SolutionConfigurationPlatforms) = preSolution
		Debug|Any CPU = Debug|Any CPU
		Release|Any CPU = Release|Any CPU
	EndGlobalSection
	GlobalSection(ProjectConfigurationPlatforms) = postSolution
		{10B43076-68AE-412B-8F65-B6DB2D0166FE}.Debug|Any CPU.ActiveCfg = Debug|Any CPU
		{10B43076-68AE-412B-8F65-B6DB2D0166FE}.Debug|Any CPU.Build.0 = Debug|Any CPU
		{10B43076-68AE-412B-8F65-B6DB2D0166FE}.Release|Any CPU.ActiveCfg = Release|Any CPU
		{10B43076-68AE-412B-8F65-B6DB2D0166FE}.Release|Any CPU.Build.0 = Release|Any CPU
		{A3FE054A-4B11-4978-9F0B-D143908056DF}.Debug|Any CPU.ActiveCfg = Debug|Any CPU
		{A3FE054A-4B11-4978-9F0B-D143908056DF}.Debug|Any CPU.Build.0 = Debug|Any CPU
		{A3FE054A-4B11-4978-9F0B-D143908056DF}.Release|Any CPU.ActiveCfg = Release|Any CPU
		{A3FE054A-4B11-4978-9F0B-D143908056DF}.Release|Any CPU.Build.0 = Release|Any CPU
	EndGlobalSection
EndGlobal
